
Microsoft Visual Studio Solution File, Format Version 12.00
# Visual Studio Version 17
VisualStudioVersion = 17.3.32929.385
MinimumVisualStudioVersion = 10.0.40219.1
Project("{FAE04EC0-301F-11D3-BF4B-00C04F79EFBC}") = "Sinema", "Sinema\Sinema.csproj", "{347B4ED5-6E16-4270-BD8E-461421CE8981}"
EndProject
Global
	GlobalSection(SolutionConfigurationPlatforms) = preSolution
		Debug|Any CPU = Debug|Any CPU
		Release|Any CPU = Release|Any CPU
	EndGlobalSection
	GlobalSection(ProjectConfigurationPlatforms) = postSolution
		{347B4ED5-6E16-4270-BD8E-461421CE8981}.Debug|Any CPU.ActiveCfg = Debug|Any CPU
		{347B4ED5-6E16-4270-BD8E-461421CE8981}.Debug|Any CPU.Build.0 = Debug|Any CPU
		{347B4ED5-6E16-4270-BD8E-461421CE8981}.Release|Any CPU.ActiveCfg = Release|Any CPU
		{347B4ED5-6E16-4270-BD8E-461421CE8981}.Release|Any CPU.Build.0 = Release|Any CPU
	EndGlobalSection
	GlobalSection(SolutionProperties) = preSolution
		HideSolutionNode = FALSE
	EndGlobalSection
	GlobalSection(ExtensibilityGlobals) = postSolution
		SolutionGuid = {39E14053-14D7-4466-BBC5-9BE6C05A030E}
	EndGlobalSection
EndGlobal
